
Microsoft Visual Studio Solution File, Format Version 12.00
# Visual Studio 15
VisualStudioVersion = 15.0.27428.2015
MinimumVisualStudioVersion = 10.0.40219.1
Project("{FAE04EC0-301F-11D3-BF4B-00C04F79EFBC}") = "clientTCP", "clientTCP\clientTCP.csproj", "{488E0EB0-5C4A-4F18-9746-E158D799189D}"
EndProject
Global
	GlobalSection(SolutionConfigurationPlatforms) = preSolution
		Debug|Any CPU = Debug|Any CPU
		Release|Any CPU = Release|Any CPU
	EndGlobalSection
	GlobalSection(ProjectConfigurationPlatforms) = postSolution
		{488E0EB0-5C4A-4F18-9746-E158D799189D}.Debug|Any CPU.ActiveCfg = Debug|Any CPU
		{488E0EB0-5C4A-4F18-9746-E158D799189D}.Debug|Any CPU.Build.0 = Debug|Any CPU
		{488E0EB0-5C4A-4F18-9746-E158D799189D}.Release|Any CPU.ActiveCfg = Release|Any CPU
		{488E0EB0-5C4A-4F18-9746-E158D799189D}.Release|Any CPU.Build.0 = Release|Any CPU
	EndGlobalSection
	GlobalSection(SolutionProperties) = preSolution
		HideSolutionNode = FALSE
	EndGlobalSection
	GlobalSection(ExtensibilityGlobals) = postSolution
		SolutionGuid = {7EC8778C-9838-4916-8C73-5A4A1921581F}
	EndGlobalSection
EndGlobal
